{
  "version": 4,
  "terraform_version": "1.4.2",
  "serial": 135,
  "lineage": "47ac1e60-4f1d-8bb1-179f-10b34b9c11ab",
  "outputs": {
    "instance_ip": {
      "value": "34.23.60.241",
      "type": "string"
    }
  },
  "resources": [
    {
      "mode": "managed",
      "type": "google_compute_firewall",
      "name": "firewall_desafio",
      "provider": "provider[\"registry.terraform.io/hashicorp/google\"]",
      "instances": [
        {
          "schema_version": 1,
          "attributes": {
            "allow": [
              {
                "ports": [
                  "22"
                ],
                "protocol": "tcp"
              },
              {
                "ports": [
                  "80",
                  "443"
                ],
                "protocol": "tcp"
              }
            ],
            "creation_timestamp": "2023-04-13T06:16:59.809-07:00",
            "deny": [],
            "description": "Firewall para gerenciar as portas do projeto",
            "destination_ranges": [],
            "direction": "INGRESS",
            "disabled": false,
            "enable_logging": null,
            "id": "projects/desafio-devops-383518/global/firewalls/firewall-desafio",
            "log_config": [],
            "name": "firewall-desafio",
            "network": "https://www.googleapis.com/compute/v1/projects/desafio-devops-383518/global/networks/vpc-desafio",
            "priority": 1000,
            "project": "desafio-devops-383518",
            "self_link": "https://www.googleapis.com/compute/v1/projects/desafio-devops-383518/global/firewalls/firewall-desafio",
            "source_ranges": [
              "0.0.0.0/0",
              "177.177.8.229/32"
            ],
            "source_service_accounts": null,
            "source_tags": [
              "value"
            ],
            "target_service_accounts": null,
            "target_tags": [
              "vm-desafio"
            ],
            "timeouts": null
          },
          "sensitive_attributes": [],
          "private": "eyJlMmJmYjczMC1lY2FhLTExZTYtOGY4OC0zNDM2M2JjN2M0YzAiOnsiY3JlYXRlIjoxMjAwMDAwMDAwMDAwLCJkZWxldGUiOjEyMDAwMDAwMDAwMDAsInVwZGF0ZSI6MTIwMDAwMDAwMDAwMH0sInNjaGVtYV92ZXJzaW9uIjoiMSJ9",
          "dependencies": [
            "google_compute_network.vpc_desafio"
          ]
        }
      ]
    },
    {
      "mode": "managed",
      "type": "google_compute_instance",
      "name": "instance-desafio",
      "provider": "provider[\"registry.terraform.io/hashicorp/google\"]",
      "instances": [
        {
          "schema_version": 6,
          "attributes": {
            "advanced_machine_features": [],
            "allow_stopping_for_update": null,
            "attached_disk": [],
            "boot_disk": [
              {
                "auto_delete": true,
                "device_name": "persistent-disk-0",
                "disk_encryption_key_raw": "",
                "disk_encryption_key_sha256": "",
                "initialize_params": [
                  {
                    "image": "https://www.googleapis.com/compute/v1/projects/debian-cloud/global/images/debian-11-bullseye-v20230411",
                    "labels": {
                      "my_label": "value"
                    },
                    "size": 10,
                    "type": "pd-standard"
                  }
                ],
                "kms_key_self_link": "",
                "mode": "READ_WRITE",
                "source": "https://www.googleapis.com/compute/v1/projects/desafio-devops-383518/zones/us-east1-c/disks/vm-desafio"
              }
            ],
            "can_ip_forward": false,
            "confidential_instance_config": [],
            "cpu_platform": "Intel Haswell",
            "current_status": "RUNNING",
            "deletion_protection": false,
            "description": "",
            "desired_status": null,
            "enable_display": false,
            "guest_accelerator": [],
            "hostname": "",
            "id": "projects/desafio-devops-383518/zones/us-east1-c/instances/vm-desafio",
            "instance_id": "4087627095785979446",
            "label_fingerprint": "42WmSpB8rSM=",
            "labels": null,
            "machine_type": "n1-standard-1",
            "metadata": null,
            "metadata_fingerprint": "DDhmUWl1Suk=",
            "metadata_startup_script": "sudo apt update\ncurl -sSL https://get.docker.com | sh\nsudo docker container run -d -it --name desafio-devops -p 80:80 httpd",
            "min_cpu_platform": "",
            "name": "vm-desafio",
            "network_interface": [
              {
                "access_config": [
                  {
                    "nat_ip": "34.23.60.241",
                    "network_tier": "PREMIUM",
                    "public_ptr_domain_name": ""
                  }
                ],
                "alias_ip_range": [],
                "ipv6_access_config": [],
                "ipv6_access_type": "",
                "name": "nic0",
                "network": "https://www.googleapis.com/compute/v1/projects/desafio-devops-383518/global/networks/vpc-desafio",
                "network_ip": "10.142.0.2",
                "nic_type": "",
                "queue_count": 0,
                "stack_type": "IPV4_ONLY",
                "subnetwork": "https://www.googleapis.com/compute/v1/projects/desafio-devops-383518/regions/us-east1/subnetworks/vpc-desafio",
                "subnetwork_project": "desafio-devops-383518"
              }
            ],
            "project": "desafio-devops-383518",
            "reservation_affinity": [],
            "resource_policies": null,
            "scheduling": [
              {
                "automatic_restart": true,
                "instance_termination_action": "",
                "min_node_cpus": 0,
                "node_affinities": [],
                "on_host_maintenance": "MIGRATE",
                "preemptible": false,
                "provisioning_model": "STANDARD"
              }
            ],
            "scratch_disk": [],
            "self_link": "https://www.googleapis.com/compute/v1/projects/desafio-devops-383518/zones/us-east1-c/instances/vm-desafio",
            "service_account": [],
            "shielded_instance_config": [
              {
                "enable_integrity_monitoring": true,
                "enable_secure_boot": false,
                "enable_vtpm": true
              }
            ],
            "tags": [
              "value",
              "vm-desafio"
            ],
            "tags_fingerprint": "dQWkAa3oeTw=",
            "timeouts": null,
            "zone": "us-east1-c"
          },
          "sensitive_attributes": [],
          "private": "eyJlMmJmYjczMC1lY2FhLTExZTYtOGY4OC0zNDM2M2JjN2M0YzAiOnsiY3JlYXRlIjoxMjAwMDAwMDAwMDAwLCJkZWxldGUiOjEyMDAwMDAwMDAwMDAsInVwZGF0ZSI6MTIwMDAwMDAwMDAwMH0sInNjaGVtYV92ZXJzaW9uIjoiNiJ9",
          "dependencies": [
            "google_compute_firewall.firewall_desafio",
            "google_compute_network.vpc_desafio"
          ]
        }
      ]
    },
    {
      "mode": "managed",
      "type": "google_compute_network",
      "name": "vpc_desafio",
      "provider": "provider[\"registry.terraform.io/hashicorp/google\"]",
      "instances": [
        {
          "schema_version": 0,
          "attributes": {
            "auto_create_subnetworks": true,
            "delete_default_routes_on_create": false,
            "description": "",
            "enable_ula_internal_ipv6": false,
            "gateway_ipv4": "",
            "id": "projects/desafio-devops-383518/global/networks/vpc-desafio",
            "internal_ipv6_range": "",
            "mtu": 0,
            "name": "vpc-desafio",
            "network_firewall_policy_enforcement_order": "AFTER_CLASSIC_FIREWALL",
            "project": "desafio-devops-383518",
            "routing_mode": "REGIONAL",
            "self_link": "https://www.googleapis.com/compute/v1/projects/desafio-devops-383518/global/networks/vpc-desafio",
            "timeouts": null
          },
          "sensitive_attributes": [],
          "private": "eyJlMmJmYjczMC1lY2FhLTExZTYtOGY4OC0zNDM2M2JjN2M0YzAiOnsiY3JlYXRlIjoxMjAwMDAwMDAwMDAwLCJkZWxldGUiOjEyMDAwMDAwMDAwMDAsInVwZGF0ZSI6MTIwMDAwMDAwMDAwMH19"
        }
      ]
    }
  ],
  "check_results": null
}
